
Microsoft Visual Studio Solution File, Format Version 12.00
# Visual Studio 15
VisualStudioVersion = 15.0.28010.2050
MinimumVisualStudioVersion = 10.0.40219.1
Project("{FAE04EC0-301F-11D3-BF4B-00C04F79EFBC}") = "TicketsApp.Android", "TicketsApp\TicketsApp.Android\TicketsApp.Android.csproj", "{2E3EC2D6-1DFC-4F9A-A7E9-ED0C3EAD1EF1}"
EndProject
Project("{FAE04EC0-301F-11D3-BF4B-00C04F79EFBC}") = "TicketsApp.iOS", "TicketsApp\TicketsApp.iOS\TicketsApp.iOS.csproj", "{7950A468-02EB-458A-899F-1F645FB93514}"
EndProject
Project("{FAE04EC0-301F-11D3-BF4B-00C04F79EFBC}") = "TicketsApp.UWP", "TicketsApp\TicketsApp.UWP\TicketsApp.UWP.csproj", "{226E4254-ACC2-414F-9AEC-74F81F53E4DF}"
EndProject
Project("{FAE04EC0-301F-11D3-BF4B-00C04F79EFBC}") = "TicketsApp", "TicketsApp\TicketsApp\TicketsApp.csproj", "{F71A8DA2-C8DF-4F57-B444-5C9D0EEF7781}"
EndProject
Global
	GlobalSection(SolutionConfigurationPlatforms) = preSolution
		Ad-Hoc|Any CPU = Ad-Hoc|Any CPU
		Ad-Hoc|ARM = Ad-Hoc|ARM
		Ad-Hoc|iPhone = Ad-Hoc|iPhone
		Ad-Hoc|iPhoneSimulator = Ad-Hoc|iPhoneSimulator
		Ad-Hoc|x64 = Ad-Hoc|x64
		Ad-Hoc|x86 = Ad-Hoc|x86
		AppStore|Any CPU = AppStore|Any CPU
		AppStore|ARM = AppStore|ARM
		AppStore|iPhone = AppStore|iPhone
		AppStore|iPhoneSimulator = AppStore|iPhoneSimulator
		AppStore|x64 = AppStore|x64
		AppStore|x86 = AppStore|x86
		Debug|Any CPU = Debug|Any CPU
		Debug|ARM = Debug|ARM
		Debug|iPhone = Debug|iPhone
		Debug|iPhoneSimulator = Debug|iPhoneSimulator
		Debug|x64 = Debug|x64
		Debug|x86 = Debug|x86
		Release|Any CPU = Release|Any CPU
		Release|ARM = Release|ARM
		Release|iPhone = Release|iPhone
		Release|iPhoneSimulator = Release|iPhoneSimulator
		Release|x64 = Release|x64
		Release|x86 = Release|x86
	EndGlobalSection
	GlobalSection(ProjectConfigurationPlatforms) = postSolution
		{2E3EC2D6-1DFC-4F9A-A7E9-ED0C3EAD1EF1}.Ad-Hoc|Any CPU.ActiveCfg = Release|Any CPU
		{2E3EC2D6-1DFC-4F9A-A7E9-ED0C3EAD1EF1}.Ad-Hoc|Any CPU.Build.0 = Release|Any CPU
		{2E3EC2D6-1DFC-4F9A-A7E9-ED0C3EAD1EF1}.Ad-Hoc|Any CPU.Deploy.0 = Release|Any CPU
		{2E3EC2D6-1DFC-4F9A-A7E9-ED0C3EAD1EF1}.Ad-Hoc|ARM.ActiveCfg = Release|Any CPU
		{2E3EC2D6-1DFC-4F9A-A7E9-ED0C3EAD1EF1}.Ad-Hoc|ARM.Build.0 = Release|Any CPU
		{2E3EC2D6-1DFC-4F9A-A7E9-ED0C3EAD1EF1}.Ad-Hoc|ARM.Deploy.0 = Release|Any CPU
		{2E3EC2D6-1DFC-4F9A-A7E9-ED0C3EAD1EF1}.Ad-Hoc|iPhone.ActiveCfg = Release|Any CPU
		{2E3EC2D6-1DFC-4F9A-A7E9-ED0C3EAD1EF1}.Ad-Hoc|iPhone.Build.0 = Release|Any CPU
		{2E3EC2D6-1DFC-4F9A-A7E9-ED0C3EAD1EF1}.Ad-Hoc|iPhone.Deploy.0 = Release|Any CPU
		{2E3EC2D6-1DFC-4F9A-A7E9-ED0C3EAD1EF1}.Ad-Hoc|iPhoneSimulator.ActiveCfg = Release|Any CPU
		{2E3EC2D6-1DFC-4F9A-A7E9-ED0C3EAD1EF1}.Ad-Hoc|iPhoneSimulator.Build.0 = Release|Any CPU
		{2E3EC2D6-1DFC-4F9A-A7E9-ED0C3EAD1EF1}.Ad-Hoc|iPhoneSimulator.Deploy.0 = Release|Any CPU
		{2E3EC2D6-1DFC-4F9A-A7E9-ED0C3EAD1EF1}.Ad-Hoc|x64.ActiveCfg = Release|Any CPU
		{2E3EC2D6-1DFC-4F9A-A7E9-ED0C3EAD1EF1}.Ad-Hoc|x64.Build.0 = Release|Any CPU
		{2E3EC2D6-1DFC-4F9A-A7E9-ED0C3EAD1EF1}.Ad-Hoc|x64.Deploy.0 = Release|Any CPU
		{2E3EC2D6-1DFC-4F9A-A7E9-ED0C3EAD1EF1}.Ad-Hoc|x86.ActiveCfg = Release|Any CPU
		{2E3EC2D6-1DFC-4F9A-A7E9-ED0C3EAD1EF1}.Ad-Hoc|x86.Build.0 = Release|Any CPU
		{2E3EC2D6-1DFC-4F9A-A7E9-ED0C3EAD1EF1}.Ad-Hoc|x86.Deploy.0 = Release|Any CPU
		{2E3EC2D6-1DFC-4F9A-A7E9-ED0C3EAD1EF1}.AppStore|Any CPU.ActiveCfg = Release|Any CPU
		{2E3EC2D6-1DFC-4F9A-A7E9-ED0C3EAD1EF1}.AppStore|Any CPU.Build.0 = Release|Any CPU
		{2E3EC2D6-1DFC-4F9A-A7E9-ED0C3EAD1EF1}.AppStore|Any CPU.Deploy.0 = Release|Any CPU
		{2E3EC2D6-1DFC-4F9A-A7E9-ED0C3EAD1EF1}.AppStore|ARM.ActiveCfg = Release|Any CPU
		{2E3EC2D6-1DFC-4F9A-A7E9-ED0C3EAD1EF1}.AppStore|ARM.Build.0 = Release|Any CPU
		{2E3EC2D6-1DFC-4F9A-A7E9-ED0C3EAD1EF1}.AppStore|ARM.Deploy.0 = Release|Any CPU
		{2E3EC2D6-1DFC-4F9A-A7E9-ED0C3EAD1EF1}.AppStore|iPhone.ActiveCfg = Release|Any CPU
		{2E3EC2D6-1DFC-4F9A-A7E9-ED0C3EAD1EF1}.AppStore|iPhone.Build.0 = Release|Any CPU
		{2E3EC2D6-1DFC-4F9A-A7E9-ED0C3EAD1EF1}.AppStore|iPhone.Deploy.0 = Release|Any CPU
		{2E3EC2D6-1DFC-4F9A-A7E9-ED0C3EAD1EF1}.AppStore|iPhoneSimulator.ActiveCfg = Release|Any CPU
		{2E3EC2D6-1DFC-4F9A-A7E9-ED0C3EAD1EF1}.AppStore|iPhoneSimulator.Build.0 = Release|Any CPU
		{2E3EC2D6-1DFC-4F9A-A7E9-ED0C3EAD1EF1}.AppStore|iPhoneSimulator.Deploy.0 = Release|Any CPU
		{2E3EC2D6-1DFC-4F9A-A7E9-ED0C3EAD1EF1}.AppStore|x64.ActiveCfg = Release|Any CPU
		{2E3EC2D6-1DFC-4F9A-A7E9-ED0C3EAD1EF1}.AppStore|x64.Build.0 = Release|Any CPU
		{2E3EC2D6-1DFC-4F9A-A7E9-ED0C3EAD1EF1}.AppStore|x64.Deploy.0 = Release|Any CPU
		{2E3EC2D6-1DFC-4F9A-A7E9-ED0C3EAD1EF1}.AppStore|x86.ActiveCfg = Release|Any CPU
		{2E3EC2D6-1DFC-4F9A-A7E9-ED0C3EAD1EF1}.AppStore|x86.Build.0 = Release|Any CPU
		{2E3EC2D6-1DFC-4F9A-A7E9-ED0C3EAD1EF1}.AppStore|x86.Deploy.0 = Release|Any CPU
		{2E3EC2D6-1DFC-4F9A-A7E9-ED0C3EAD1EF1}.Debug|Any CPU.ActiveCfg = Debug|Any CPU
		{2E3EC2D6-1DFC-4F9A-A7E9-ED0C3EAD1EF1}.Debug|Any CPU.Build.0 = Debug|Any CPU
		{2E3EC2D6-1DFC-4F9A-A7E9-ED0C3EAD1EF1}.Debug|Any CPU.Deploy.0 = Debug|Any CPU
		{2E3EC2D6-1DFC-4F9A-A7E9-ED0C3EAD1EF1}.Debug|ARM.ActiveCfg = Debug|Any CPU
		{2E3EC2D6-1DFC-4F9A-A7E9-ED0C3EAD1EF1}.Debug|ARM.Build.0 = Debug|Any CPU
		{2E3EC2D6-1DFC-4F9A-A7E9-ED0C3EAD1EF1}.Debug|ARM.Deploy.0 = Debug|Any CPU
		{2E3EC2D6-1DFC-4F9A-A7E9-ED0C3EAD1EF1}.Debug|iPhone.ActiveCfg = Debug|Any CPU
		{2E3EC2D6-1DFC-4F9A-A7E9-ED0C3EAD1EF1}.Debug|iPhone.Build.0 = Debug|Any CPU
		{2E3EC2D6-1DFC-4F9A-A7E9-ED0C3EAD1EF1}.Debug|iPhone.Deploy.0 = Debug|Any CPU
		{2E3EC2D6-1DFC-4F9A-A7E9-ED0C3EAD1EF1}.Debug|iPhoneSimulator.ActiveCfg = Debug|Any CPU
		{2E3EC2D6-1DFC-4F9A-A7E9-ED0C3EAD1EF1}.Debug|iPhoneSimulator.Build.0 = Debug|Any CPU
		{2E3EC2D6-1DFC-4F9A-A7E9-ED0C3EAD1EF1}.Debug|iPhoneSimulator.Deploy.0 = Debug|Any CPU
		{2E3EC2D6-1DFC-4F9A-A7E9-ED0C3EAD1EF1}.Debug|x64.ActiveCfg = Debug|Any CPU
		{2E3EC2D6-1DFC-4F9A-A7E9-ED0C3EAD1EF1}.Debug|x64.Build.0 = Debug|Any CPU
		{2E3EC2D6-1DFC-4F9A-A7E9-ED0C3EAD1EF1}.Debug|x64.Deploy.0 = Debug|Any CPU
		{2E3EC2D6-1DFC-4F9A-A7E9-ED0C3EAD1EF1}.Debug|x86.ActiveCfg = Debug|Any CPU
		{2E3EC2D6-1DFC-4F9A-A7E9-ED0C3EAD1EF1}.Debug|x86.Build.0 = Debug|Any CPU
		{2E3EC2D6-1DFC-4F9A-A7E9-ED0C3EAD1EF1}.Debug|x86.Deploy.0 = Debug|Any CPU
		{2E3EC2D6-1DFC-4F9A-A7E9-ED0C3EAD1EF1}.Release|Any CPU.ActiveCfg = Release|Any CPU
		{2E3EC2D6-1DFC-4F9A-A7E9-ED0C3EAD1EF1}.Release|Any CPU.Build.0 = Release|Any CPU
		{2E3EC2D6-1DFC-4F9A-A7E9-ED0C3EAD1EF1}.Release|Any CPU.Deploy.0 = Release|Any CPU
		{2E3EC2D6-1DFC-4F9A-A7E9-ED0C3EAD1EF1}.Release|ARM.ActiveCfg = Release|Any CPU
		{2E3EC2D6-1DFC-4F9A-A7E9-ED0C3EAD1EF1}.Release|ARM.Build.0 = Release|Any CPU
		{2E3EC2D6-1DFC-4F9A-A7E9-ED0C3EAD1EF1}.Release|ARM.Deploy.0 = Release|Any CPU
		{2E3EC2D6-1DFC-4F9A-A7E9-ED0C3EAD1EF1}.Release|iPhone.ActiveCfg = Release|Any CPU
		{2E3EC2D6-1DFC-4F9A-A7E9-ED0C3EAD1EF1}.Release|iPhone.Build.0 = Release|Any CPU
		{2E3EC2D6-1DFC-4F9A-A7E9-ED0C3EAD1EF1}.Release|iPhone.Deploy.0 = Release|Any CPU
		{2E3EC2D6-1DFC-4F9A-A7E9-ED0C3EAD1EF1}.Release|iPhoneSimulator.ActiveCfg = Release|Any CPU
		{2E3EC2D6-1DFC-4F9A-A7E9-ED0C3EAD1EF1}.Release|iPhoneSimulator.Build.0 = Release|Any CPU
		{2E3EC2D6-1DFC-4F9A-A7E9-ED0C3EAD1EF1}.Release|iPhoneSimulator.Deploy.0 = Release|Any CPU
		{2E3EC2D6-1DFC-4F9A-A7E9-ED0C3EAD1EF1}.Release|x64.ActiveCfg = Release|Any CPU
		{2E3EC2D6-1DFC-4F9A-A7E9-ED0C3EAD1EF1}.Release|x64.Build.0 = Release|Any CPU
		{2E3EC2D6-1DFC-4F9A-A7E9-ED0C3EAD1EF1}.Release|x64.Deploy.0 = Release|Any CPU
		{2E3EC2D6-1DFC-4F9A-A7E9-ED0C3EAD1EF1}.Release|x86.ActiveCfg = Release|Any CPU
		{2E3EC2D6-1DFC-4F9A-A7E9-ED0C3EAD1EF1}.Release|x86.Build.0 = Release|Any CPU
		{2E3EC2D6-1DFC-4F9A-A7E9-ED0C3EAD1EF1}.Release|x86.Deploy.0 = Release|Any CPU
		{7950A468-02EB-458A-899F-1F645FB93514}.Ad-Hoc|Any CPU.ActiveCfg = Ad-Hoc|iPhone
		{7950A468-02EB-458A-899F-1F645FB93514}.Ad-Hoc|Any CPU.Build.0 = Ad-Hoc|iPhone
		{7950A468-02EB-458A-899F-1F645FB93514}.Ad-Hoc|Any CPU.Deploy.0 = Ad-Hoc|iPhone
		{7950A468-02EB-458A-899F-1F645FB93514}.Ad-Hoc|ARM.ActiveCfg = Ad-Hoc|iPhone
		{7950A468-02EB-458A-899F-1F645FB93514}.Ad-Hoc|ARM.Build.0 = Ad-Hoc|iPhone
		{7950A468-02EB-458A-899F-1F645FB93514}.Ad-Hoc|ARM.Deploy.0 = Ad-Hoc|iPhone
		{7950A468-02EB-458A-899F-1F645FB93514}.Ad-Hoc|iPhone.ActiveCfg = Ad-Hoc|iPhone
		{7950A468-02EB-458A-899F-1F645FB93514}.Ad-Hoc|iPhone.Build.0 = Ad-Hoc|iPhone
		{7950A468-02EB-458A-899F-1F645FB93514}.Ad-Hoc|iPhone.Deploy.0 = Ad-Hoc|iPhone
		{7950A468-02EB-458A-899F-1F645FB93514}.Ad-Hoc|iPhoneSimulator.ActiveCfg = Ad-Hoc|iPhoneSimulator
		{7950A468-02EB-458A-899F-1F645FB93514}.Ad-Hoc|iPhoneSimulator.Build.0 = Ad-Hoc|iPhoneSimulator
		{7950A468-02EB-458A-899F-1F645FB93514}.Ad-Hoc|iPhoneSimulator.Deploy.0 = Ad-Hoc|iPhoneSimulator
		{7950A468-02EB-458A-899F-1F645FB93514}.Ad-Hoc|x64.ActiveCfg = Ad-Hoc|iPhone
		{7950A468-02EB-458A-899F-1F645FB93514}.Ad-Hoc|x64.Build.0 = Ad-Hoc|iPhone
		{7950A468-02EB-458A-899F-1F645FB93514}.Ad-Hoc|x64.Deploy.0 = Ad-Hoc|iPhone
		{7950A468-02EB-458A-899F-1F645FB93514}.Ad-Hoc|x86.ActiveCfg = Ad-Hoc|iPhone
		{7950A468-02EB-458A-899F-1F645FB93514}.Ad-Hoc|x86.Build.0 = Ad-Hoc|iPhone
		{7950A468-02EB-458A-899F-1F645FB93514}.Ad-Hoc|x86.Deploy.0 = Ad-Hoc|iPhone
		{7950A468-02EB-458A-899F-1F645FB93514}.AppStore|Any CPU.ActiveCfg = AppStore|iPhone
		{7950A468-02EB-458A-899F-1F645FB93514}.AppStore|Any CPU.Build.0 = AppStore|iPhone
		{7950A468-02EB-458A-899F-1F645FB93514}.AppStore|Any CPU.Deploy.0 = AppStore|iPhone
		{7950A468-02EB-458A-899F-1F645FB93514}.AppStore|ARM.ActiveCfg = AppStore|iPhone
		{7950A468-02EB-458A-899F-1F645FB93514}.AppStore|ARM.Build.0 = AppStore|iPhone
		{7950A468-02EB-458A-899F-1F645FB93514}.AppStore|ARM.Deploy.0 = AppStore|iPhone
		{7950A468-02EB-458A-899F-1F645FB93514}.AppStore|iPhone.ActiveCfg = AppStore|iPhone
		{7950A468-02EB-458A-899F-1F645FB93514}.AppStore|iPhone.Build.0 = AppStore|iPhone
		{7950A468-02EB-458A-899F-1F645FB93514}.AppStore|iPhone.Deploy.0 = AppStore|iPhone
		{7950A468-02EB-458A-899F-1F645FB93514}.AppStore|iPhoneSimulator.ActiveCfg = AppStore|iPhoneSimulator
		{7950A468-02EB-458A-899F-1F645FB93514}.AppStore|iPhoneSimulator.Build.0 = AppStore|iPhoneSimulator
		{7950A468-02EB-458A-899F-1F645FB93514}.AppStore|iPhoneSimulator.Deploy.0 = AppStore|iPhoneSimulator
		{7950A468-02EB-458A-899F-1F645FB93514}.AppStore|x64.ActiveCfg = AppStore|iPhone
		{7950A468-02EB-458A-899F-1F645FB93514}.AppStore|x64.Build.0 = AppStore|iPhone
		{7950A468-02EB-458A-899F-1F645FB93514}.AppStore|x64.Deploy.0 = AppStore|iPhone
		{7950A468-02EB-458A-899F-1F645FB93514}.AppStore|x86.ActiveCfg = AppStore|iPhone
		{7950A468-02EB-458A-899F-1F645FB93514}.AppStore|x86.Build.0 = AppStore|iPhone
		{7950A468-02EB-458A-899F-1F645FB93514}.AppStore|x86.Deploy.0 = AppStore|iPhone
		{7950A468-02EB-458A-899F-1F645FB93514}.Debug|Any CPU.ActiveCfg = Debug|iPhoneSimulator
		{7950A468-02EB-458A-899F-1F645FB93514}.Debug|Any CPU.Build.0 = Debug|iPhoneSimulator
		{7950A468-02EB-458A-899F-1F645FB93514}.Debug|Any CPU.Deploy.0 = Debug|iPhoneSimulator
		{7950A468-02EB-458A-899F-1F645FB93514}.Debug|ARM.ActiveCfg = Debug|iPhone
		{7950A468-02EB-458A-899F-1F645FB93514}.Debug|ARM.Build.0 = Debug|iPhone
		{7950A468-02EB-458A-899F-1F645FB93514}.Debug|ARM.Deploy.0 = Debug|iPhone
		{7950A468-02EB-458A-899F-1F645FB93514}.Debug|iPhone.ActiveCfg = Debug|iPhone
		{7950A468-02EB-458A-899F-1F645FB93514}.Debug|iPhone.Build.0 = Debug|iPhone
		{7950A468-02EB-458A-899F-1F645FB93514}.Debug|iPhone.Deploy.0 = Debug|iPhone
		{7950A468-02EB-458A-899F-1F645FB93514}.Debug|iPhoneSimulator.ActiveCfg = Debug|iPhoneSimulator
		{7950A468-02EB-458A-899F-1F645FB93514}.Debug|iPhoneSimulator.Build.0 = Debug|iPhoneSimulator
		{7950A468-02EB-458A-899F-1F645FB93514}.Debug|iPhoneSimulator.Deploy.0 = Debug|iPhoneSimulator
		{7950A468-02EB-458A-899F-1F645FB93514}.Debug|x64.ActiveCfg = Debug|iPhone
		{7950A468-02EB-458A-899F-1F645FB93514}.Debug|x64.Build.0 = Debug|iPhone
		{7950A468-02EB-458A-899F-1F645FB93514}.Debug|x64.Deploy.0 = Debug|iPhone
		{7950A468-02EB-458A-899F-1F645FB93514}.Debug|x86.ActiveCfg = Debug|iPhone
		{7950A468-02EB-458A-899F-1F645FB93514}.Debug|x86.Build.0 = Debug|iPhone
		{7950A468-02EB-458A-899F-1F645FB93514}.Debug|x86.Deploy.0 = Debug|iPhone
		{7950A468-02EB-458A-899F-1F645FB93514}.Release|Any CPU.ActiveCfg = Release|iPhone
		{7950A468-02EB-458A-899F-1F645FB93514}.Release|Any CPU.Build.0 = Release|iPhone
		{7950A468-02EB-458A-899F-1F645FB93514}.Release|Any CPU.Deploy.0 = Release|iPhone
		{7950A468-02EB-458A-899F-1F645FB93514}.Release|ARM.ActiveCfg = Release|iPhone
		{7950A468-02EB-458A-899F-1F645FB93514}.Release|ARM.Build.0 = Release|iPhone
		{7950A468-02EB-458A-899F-1F645FB93514}.Release|ARM.Deploy.0 = Release|iPhone
		{7950A468-02EB-458A-899F-1F645FB93514}.Release|iPhone.ActiveCfg = Release|iPhone
		{7950A468-02EB-458A-899F-1F645FB93514}.Release|iPhone.Build.0 = Release|iPhone
		{7950A468-02EB-458A-899F-1F645FB93514}.Release|iPhone.Deploy.0 = Release|iPhone
		{7950A468-02EB-458A-899F-1F645FB93514}.Release|iPhoneSimulator.ActiveCfg = Release|iPhoneSimulator
		{7950A468-02EB-458A-899F-1F645FB93514}.Release|iPhoneSimulator.Build.0 = Release|iPhoneSimulator
		{7950A468-02EB-458A-899F-1F645FB93514}.Release|iPhoneSimulator.Deploy.0 = Release|iPhoneSimulator
		{7950A468-02EB-458A-899F-1F645FB93514}.Release|x64.ActiveCfg = Release|iPhone
		{7950A468-02EB-458A-899F-1F645FB93514}.Release|x64.Build.0 = Release|iPhone
		{7950A468-02EB-458A-899F-1F645FB93514}.Release|x64.Deploy.0 = Release|iPhone
		{7950A468-02EB-458A-899F-1F645FB93514}.Release|x86.ActiveCfg = Release|iPhone
		{7950A468-02EB-458A-899F-1F645FB93514}.Release|x86.Build.0 = Release|iPhone
		{7950A468-02EB-458A-899F-1F645FB93514}.Release|x86.Deploy.0 = Release|iPhone
		{226E4254-ACC2-414F-9AEC-74F81F53E4DF}.Ad-Hoc|Any CPU.ActiveCfg = Release|x86
		{226E4254-ACC2-414F-9AEC-74F81F53E4DF}.Ad-Hoc|Any CPU.Build.0 = Release|x86
		{226E4254-ACC2-414F-9AEC-74F81F53E4DF}.Ad-Hoc|Any CPU.Deploy.0 = Release|x86
		{226E4254-ACC2-414F-9AEC-74F81F53E4DF}.Ad-Hoc|ARM.ActiveCfg = Release|ARM
		{226E4254-ACC2-414F-9AEC-74F81F53E4DF}.Ad-Hoc|ARM.Build.0 = Release|ARM
		{226E4254-ACC2-414F-9AEC-74F81F53E4DF}.Ad-Hoc|ARM.Deploy.0 = Release|ARM
		{226E4254-ACC2-414F-9AEC-74F81F53E4DF}.Ad-Hoc|iPhone.ActiveCfg = Release|x86
		{226E4254-ACC2-414F-9AEC-74F81F53E4DF}.Ad-Hoc|iPhone.Build.0 = Release|x86
		{226E4254-ACC2-414F-9AEC-74F81F53E4DF}.Ad-Hoc|iPhone.Deploy.0 = Release|x86
		{226E4254-ACC2-414F-9AEC-74F81F53E4DF}.Ad-Hoc|iPhoneSimulator.ActiveCfg = Release|x86
		{226E4254-ACC2-414F-9AEC-74F81F53E4DF}.Ad-Hoc|iPhoneSimulator.Build.0 = Release|x86
		{226E4254-ACC2-414F-9AEC-74F81F53E4DF}.Ad-Hoc|iPhoneSimulator.Deploy.0 = Release|x86
		{226E4254-ACC2-414F-9AEC-74F81F53E4DF}.Ad-Hoc|x64.ActiveCfg = Release|x64
		{226E4254-ACC2-414F-9AEC-74F81F53E4DF}.Ad-Hoc|x64.Build.0 = Release|x64
		{226E4254-ACC2-414F-9AEC-74F81F53E4DF}.Ad-Hoc|x64.Deploy.0 = Release|x64
		{226E4254-ACC2-414F-9AEC-74F81F53E4DF}.Ad-Hoc|x86.ActiveCfg = Release|x86
		{226E4254-ACC2-414F-9AEC-74F81F53E4DF}.Ad-Hoc|x86.Build.0 = Release|x86
		{226E4254-ACC2-414F-9AEC-74F81F53E4DF}.Ad-Hoc|x86.Deploy.0 = Release|x86
		{226E4254-ACC2-414F-9AEC-74F81F53E4DF}.AppStore|Any CPU.ActiveCfg = Release|x86
		{226E4254-ACC2-414F-9AEC-74F81F53E4DF}.AppStore|Any CPU.Build.0 = Release|x86
		{226E4254-ACC2-414F-9AEC-74F81F53E4DF}.AppStore|Any CPU.Deploy.0 = Release|x86
		{226E4254-ACC2-414F-9AEC-74F81F53E4DF}.AppStore|ARM.ActiveCfg = Release|ARM
		{226E4254-ACC2-414F-9AEC-74F81F53E4DF}.AppStore|ARM.Build.0 = Release|ARM
		{226E4254-ACC2-414F-9AEC-74F81F53E4DF}.AppStore|ARM.Deploy.0 = Release|ARM
		{226E4254-ACC2-414F-9AEC-74F81F53E4DF}.AppStore|iPhone.ActiveCfg = Release|x86
		{226E4254-ACC2-414F-9AEC-74F81F53E4DF}.AppStore|iPhone.Build.0 = Release|x86
		{226E4254-ACC2-414F-9AEC-74F81F53E4DF}.AppStore|iPhone.Deploy.0 = Release|x86
		{226E4254-ACC2-414F-9AEC-74F81F53E4DF}.AppStore|iPhoneSimulator.ActiveCfg = Release|x86
		{226E4254-ACC2-414F-9AEC-74F81F53E4DF}.AppStore|iPhoneSimulator.Build.0 = Release|x86
		{226E4254-ACC2-414F-9AEC-74F81F53E4DF}.AppStore|iPhoneSimulator.Deploy.0 = Release|x86
		{226E4254-ACC2-414F-9AEC-74F81F53E4DF}.AppStore|x64.ActiveCfg = Release|x64
		{226E4254-ACC2-414F-9AEC-74F81F53E4DF}.AppStore|x64.Build.0 = Release|x64
		{226E4254-ACC2-414F-9AEC-74F81F53E4DF}.AppStore|x64.Deploy.0 = Release|x64
		{226E4254-ACC2-414F-9AEC-74F81F53E4DF}.AppStore|x86.ActiveCfg = Release|x86
		{226E4254-ACC2-414F-9AEC-74F81F53E4DF}.AppStore|x86.Build.0 = Release|x86
		{226E4254-ACC2-414F-9AEC-74F81F53E4DF}.AppStore|x86.Deploy.0 = Release|x86
		{226E4254-ACC2-414F-9AEC-74F81F53E4DF}.Debug|Any CPU.ActiveCfg = Debug|x86
		{226E4254-ACC2-414F-9AEC-74F81F53E4DF}.Debug|Any CPU.Build.0 = Debug|x86
		{226E4254-ACC2-414F-9AEC-74F81F53E4DF}.Debug|Any CPU.Deploy.0 = Debug|x86
		{226E4254-ACC2-414F-9AEC-74F81F53E4DF}.Debug|ARM.ActiveCfg = Debug|ARM
		{226E4254-ACC2-414F-9AEC-74F81F53E4DF}.Debug|ARM.Build.0 = Debug|ARM
		{226E4254-ACC2-414F-9AEC-74F81F53E4DF}.Debug|ARM.Deploy.0 = Debug|ARM
		{226E4254-ACC2-414F-9AEC-74F81F53E4DF}.Debug|iPhone.ActiveCfg = Debug|x86
		{226E4254-ACC2-414F-9AEC-74F81F53E4DF}.Debug|iPhone.Build.0 = Debug|x86
		{226E4254-ACC2-414F-9AEC-74F81F53E4DF}.Debug|iPhone.Deploy.0 = Debug|x86
		{226E4254-ACC2-414F-9AEC-74F81F53E4DF}.Debug|iPhoneSimulator.ActiveCfg = Debug|x86
		{226E4254-ACC2-414F-9AEC-74F81F53E4DF}.Debug|iPhoneSimulator.Build.0 = Debug|x86
		{226E4254-ACC2-414F-9AEC-74F81F53E4DF}.Debug|iPhoneSimulator.Deploy.0 = Debug|x86
		{226E4254-ACC2-414F-9AEC-74F81F53E4DF}.Debug|x64.ActiveCfg = Debug|x64
		{226E4254-ACC2-414F-9AEC-74F81F53E4DF}.Debug|x64.Build.0 = Debug|x64
		{226E4254-ACC2-414F-9AEC-74F81F53E4DF}.Debug|x64.Deploy.0 = Debug|x64
		{226E4254-ACC2-414F-9AEC-74F81F53E4DF}.Debug|x86.ActiveCfg = Debug|x86
		{226E4254-ACC2-414F-9AEC-74F81F53E4DF}.Debug|x86.Build.0 = Debug|x86
		{226E4254-ACC2-414F-9AEC-74F81F53E4DF}.Debug|x86.Deploy.0 = Debug|x86
		{226E4254-ACC2-414F-9AEC-74F81F53E4DF}.Release|Any CPU.ActiveCfg = Release|x86
		{226E4254-ACC2-414F-9AEC-74F81F53E4DF}.Release|Any CPU.Build.0 = Release|x86
		{226E4254-ACC2-414F-9AEC-74F81F53E4DF}.Release|Any CPU.Deploy.0 = Release|x86
		{226E4254-ACC2-414F-9AEC-74F81F53E4DF}.Release|ARM.ActiveCfg = Release|ARM
		{226E4254-ACC2-414F-9AEC-74F81F53E4DF}.Release|ARM.Build.0 = Release|ARM
		{226E4254-ACC2-414F-9AEC-74F81F53E4DF}.Release|ARM.Deploy.0 = Release|ARM
		{226E4254-ACC2-414F-9AEC-74F81F53E4DF}.Release|iPhone.ActiveCfg = Release|x86
		{226E4254-ACC2-414F-9AEC-74F81F53E4DF}.Release|iPhone.Build.0 = Release|x86
		{226E4254-ACC2-414F-9AEC-74F81F53E4DF}.Release|iPhone.Deploy.0 = Release|x86
		{226E4254-ACC2-414F-9AEC-74F81F53E4DF}.Release|iPhoneSimulator.ActiveCfg = Release|x86
		{226E4254-ACC2-414F-9AEC-74F81F53E4DF}.Release|iPhoneSimulator.Build.0 = Release|x86
		{226E4254-ACC2-414F-9AEC-74F81F53E4DF}.Release|iPhoneSimulator.Deploy.0 = Release|x86
		{226E4254-ACC2-414F-9AEC-74F81F53E4DF}.Release|x64.ActiveCfg = Release|x64
		{226E4254-ACC2-414F-9AEC-74F81F53E4DF}.Release|x64.Build.0 = Release|x64
		{226E4254-ACC2-414F-9AEC-74F81F53E4DF}.Release|x64.Deploy.0 = Release|x64
		{226E4254-ACC2-414F-9AEC-74F81F53E4DF}.Release|x86.ActiveCfg = Release|x86
		{226E4254-ACC2-414F-9AEC-74F81F53E4DF}.Release|x86.Build.0 = Release|x86
		{226E4254-ACC2-414F-9AEC-74F81F53E4DF}.Release|x86.Deploy.0 = Release|x86
		{F71A8DA2-C8DF-4F57-B444-5C9D0EEF7781}.Ad-Hoc|Any CPU.ActiveCfg = Debug|Any CPU
		{F71A8DA2-C8DF-4F57-B444-5C9D0EEF7781}.Ad-Hoc|Any CPU.Build.0 = Debug|Any CPU
		{F71A8DA2-C8DF-4F57-B444-5C9D0EEF7781}.Ad-Hoc|Any CPU.Deploy.0 = Debug|Any CPU
		{F71A8DA2-C8DF-4F57-B444-5C9D0EEF7781}.Ad-Hoc|ARM.ActiveCfg = Debug|Any CPU
		{F71A8DA2-C8DF-4F57-B444-5C9D0EEF7781}.Ad-Hoc|ARM.Build.0 = Debug|Any CPU
		{F71A8DA2-C8DF-4F57-B444-5C9D0EEF7781}.Ad-Hoc|ARM.Deploy.0 = Debug|Any CPU
		{F71A8DA2-C8DF-4F57-B444-5C9D0EEF7781}.Ad-Hoc|iPhone.ActiveCfg = Debug|Any CPU
		{F71A8DA2-C8DF-4F57-B444-5C9D0EEF7781}.Ad-Hoc|iPhone.Build.0 = Debug|Any CPU
		{F71A8DA2-C8DF-4F57-B444-5C9D0EEF7781}.Ad-Hoc|iPhone.Deploy.0 = Debug|Any CPU
		{F71A8DA2-C8DF-4F57-B444-5C9D0EEF7781}.Ad-Hoc|iPhoneSimulator.ActiveCfg = Debug|Any CPU
		{F71A8DA2-C8DF-4F57-B444-5C9D0EEF7781}.Ad-Hoc|iPhoneSimulator.Build.0 = Debug|Any CPU
		{F71A8DA2-C8DF-4F57-B444-5C9D0EEF7781}.Ad-Hoc|iPhoneSimulator.Deploy.0 = Debug|Any CPU
		{F71A8DA2-C8DF-4F57-B444-5C9D0EEF7781}.Ad-Hoc|x64.ActiveCfg = Debug|Any CPU
		{F71A8DA2-C8DF-4F57-B444-5C9D0EEF7781}.Ad-Hoc|x64.Build.0 = Debug|Any CPU
		{F71A8DA2-C8DF-4F57-B444-5C9D0EEF7781}.Ad-Hoc|x64.Deploy.0 = Debug|Any CPU
		{F71A8DA2-C8DF-4F57-B444-5C9D0EEF7781}.Ad-Hoc|x86.ActiveCfg = Debug|Any CPU
		{F71A8DA2-C8DF-4F57-B444-5C9D0EEF7781}.Ad-Hoc|x86.Build.0 = Debug|Any CPU
		{F71A8DA2-C8DF-4F57-B444-5C9D0EEF7781}.Ad-Hoc|x86.Deploy.0 = Debug|Any CPU
		{F71A8DA2-C8DF-4F57-B444-5C9D0EEF7781}.AppStore|Any CPU.ActiveCfg = Debug|Any CPU
		{F71A8DA2-C8DF-4F57-B444-5C9D0EEF7781}.AppStore|Any CPU.Build.0 = Debug|Any CPU
		{F71A8DA2-C8DF-4F57-B444-5C9D0EEF7781}.AppStore|Any CPU.Deploy.0 = Debug|Any CPU
		{F71A8DA2-C8DF-4F57-B444-5C9D0EEF7781}.AppStore|ARM.ActiveCfg = Debug|Any CPU
		{F71A8DA2-C8DF-4F57-B444-5C9D0EEF7781}.AppStore|ARM.Build.0 = Debug|Any CPU
		{F71A8DA2-C8DF-4F57-B444-5C9D0EEF7781}.AppStore|ARM.Deploy.0 = Debug|Any CPU
		{F71A8DA2-C8DF-4F57-B444-5C9D0EEF7781}.AppStore|iPhone.ActiveCfg = Debug|Any CPU
		{F71A8DA2-C8DF-4F57-B444-5C9D0EEF7781}.AppStore|iPhone.Build.0 = Debug|Any CPU
		{F71A8DA2-C8DF-4F57-B444-5C9D0EEF7781}.AppStore|iPhone.Deploy.0 = Debug|Any CPU
		{F71A8DA2-C8DF-4F57-B444-5C9D0EEF7781}.AppStore|iPhoneSimulator.ActiveCfg = Debug|Any CPU
		{F71A8DA2-C8DF-4F57-B444-5C9D0EEF7781}.AppStore|iPhoneSimulator.Build.0 = Debug|Any CPU
		{F71A8DA2-C8DF-4F57-B444-5C9D0EEF7781}.AppStore|iPhoneSimulator.Deploy.0 = Debug|Any CPU
		{F71A8DA2-C8DF-4F57-B444-5C9D0EEF7781}.AppStore|x64.ActiveCfg = Debug|Any CPU
		{F71A8DA2-C8DF-4F57-B444-5C9D0EEF7781}.AppStore|x64.Build.0 = Debug|Any CPU
		{F71A8DA2-C8DF-4F57-B444-5C9D0EEF7781}.AppStore|x64.Deploy.0 = Debug|Any CPU
		{F71A8DA2-C8DF-4F57-B444-5C9D0EEF7781}.AppStore|x86.ActiveCfg = Debug|Any CPU
		{F71A8DA2-C8DF-4F57-B444-5C9D0EEF7781}.AppStore|x86.Build.0 = Debug|Any CPU
		{F71A8DA2-C8DF-4F57-B444-5C9D0EEF7781}.AppStore|x86.Deploy.0 = Debug|Any CPU
		{F71A8DA2-C8DF-4F57-B444-5C9D0EEF7781}.Debug|Any CPU.ActiveCfg = Debug|Any CPU
		{F71A8DA2-C8DF-4F57-B444-5C9D0EEF7781}.Debug|Any CPU.Build.0 = Debug|Any CPU
		{F71A8DA2-C8DF-4F57-B444-5C9D0EEF7781}.Debug|Any CPU.Deploy.0 = Debug|Any CPU
		{F71A8DA2-C8DF-4F57-B444-5C9D0EEF7781}.Debug|ARM.ActiveCfg = Debug|Any CPU
		{F71A8DA2-C8DF-4F57-B444-5C9D0EEF7781}.Debug|ARM.Build.0 = Debug|Any CPU
		{F71A8DA2-C8DF-4F57-B444-5C9D0EEF7781}.Debug|ARM.Deploy.0 = Debug|Any CPU
		{F71A8DA2-C8DF-4F57-B444-5C9D0EEF7781}.Debug|iPhone.ActiveCfg = Debug|Any CPU
		{F71A8DA2-C8DF-4F57-B444-5C9D0EEF7781}.Debug|iPhone.Build.0 = Debug|Any CPU
		{F71A8DA2-C8DF-4F57-B444-5C9D0EEF7781}.Debug|iPhone.Deploy.0 = Debug|Any CPU
		{F71A8DA2-C8DF-4F57-B444-5C9D0EEF7781}.Debug|iPhoneSimulator.ActiveCfg = Debug|Any CPU
		{F71A8DA2-C8DF-4F57-B444-5C9D0EEF7781}.Debug|iPhoneSimulator.Build.0 = Debug|Any CPU
		{F71A8DA2-C8DF-4F57-B444-5C9D0EEF7781}.Debug|iPhoneSimulator.Deploy.0 = Debug|Any CPU
		{F71A8DA2-C8DF-4F57-B444-5C9D0EEF7781}.Debug|x64.ActiveCfg = Debug|Any CPU
		{F71A8DA2-C8DF-4F57-B444-5C9D0EEF7781}.Debug|x64.Build.0 = Debug|Any CPU
		{F71A8DA2-C8DF-4F57-B444-5C9D0EEF7781}.Debug|x64.Deploy.0 = Debug|Any CPU
		{F71A8DA2-C8DF-4F57-B444-5C9D0EEF7781}.Debug|x86.ActiveCfg = Debug|Any CPU
		{F71A8DA2-C8DF-4F57-B444-5C9D0EEF7781}.Debug|x86.Build.0 = Debug|Any CPU
		{F71A8DA2-C8DF-4F57-B444-5C9D0EEF7781}.Debug|x86.Deploy.0 = Debug|Any CPU
		{F71A8DA2-C8DF-4F57-B444-5C9D0EEF7781}.Release|Any CPU.ActiveCfg = Release|Any CPU
		{F71A8DA2-C8DF-4F57-B444-5C9D0EEF7781}.Release|Any CPU.Build.0 = Release|Any CPU
		{F71A8DA2-C8DF-4F57-B444-5C9D0EEF7781}.Release|Any CPU.Deploy.0 = Release|Any CPU
		{F71A8DA2-C8DF-4F57-B444-5C9D0EEF7781}.Release|ARM.ActiveCfg = Release|Any CPU
		{F71A8DA2-C8DF-4F57-B444-5C9D0EEF7781}.Release|ARM.Build.0 = Release|Any CPU
		{F71A8DA2-C8DF-4F57-B444-5C9D0EEF7781}.Release|ARM.Deploy.0 = Release|Any CPU
		{F71A8DA2-C8DF-4F57-B444-5C9D0EEF7781}.Release|iPhone.ActiveCfg = Release|Any CPU
		{F71A8DA2-C8DF-4F57-B444-5C9D0EEF7781}.Release|iPhone.Build.0 = Release|Any CPU
		{F71A8DA2-C8DF-4F57-B444-5C9D0EEF7781}.Release|iPhone.Deploy.0 = Release|Any CPU
		{F71A8DA2-C8DF-4F57-B444-5C9D0EEF7781}.Release|iPhoneSimulator.ActiveCfg = Release|Any CPU
		{F71A8DA2-C8DF-4F57-B444-5C9D0EEF7781}.Release|iPhoneSimulator.Build.0 = Release|Any CPU
		{F71A8DA2-C8DF-4F57-B444-5C9D0EEF7781}.Release|iPhoneSimulator.Deploy.0 = Release|Any CPU
		{F71A8DA2-C8DF-4F57-B444-5C9D0EEF7781}.Release|x64.ActiveCfg = Release|Any CPU
		{F71A8DA2-C8DF-4F57-B444-5C9D0EEF7781}.Release|x64.Build.0 = Release|Any CPU
		{F71A8DA2-C8DF-4F57-B444-5C9D0EEF7781}.Release|x64.Deploy.0 = Release|Any CPU
		{F71A8DA2-C8DF-4F57-B444-5C9D0EEF7781}.Release|x86.ActiveCfg = Release|Any CPU
		{F71A8DA2-C8DF-4F57-B444-5C9D0EEF7781}.Release|x86.Build.0 = Release|Any CPU
		{F71A8DA2-C8DF-4F57-B444-5C9D0EEF7781}.Release|x86.Deploy.0 = Release|Any CPU
	EndGlobalSection
	GlobalSection(SolutionProperties) = preSolution
		HideSolutionNode = FALSE
	EndGlobalSection
	GlobalSection(ExtensibilityGlobals) = postSolution
		SolutionGuid = {1487078C-D502-492B-BF3C-D2B62C245CDC}
	EndGlobalSection
EndGlobal
